// !$*UTF8*$!
{
	archiveVersion = 1;
	classes = {
	};
	objectVersion = 56;
	objects = {

/* Begin PBXBuildFile section */
		0BF7247A2BA0547000971DDE /* SETVITaskApp.swift in Sources */ = {isa = PBXBuildFile; fileRef = 0BF724792BA0547000971DDE /* SETVITaskApp.swift */; };
		0BF7247E2BA0547100971DDE /* Assets.xcassets in Resources */ = {isa = PBXBuildFile; fileRef = 0BF7247D2BA0547100971DDE /* Assets.xcassets */; };
		0BF724822BA0547100971DDE /* Preview Assets.xcassets in Resources */ = {isa = PBXBuildFile; fileRef = 0BF724812BA0547100971DDE /* Preview Assets.xcassets */; };
		0BF7248C2BA0547100971DDE /* SETVITaskTests.swift in Sources */ = {isa = PBXBuildFile; fileRef = 0BF7248B2BA0547100971DDE /* SETVITaskTests.swift */; };
		0BF724962BA0547100971DDE /* SETVITaskUITests.swift in Sources */ = {isa = PBXBuildFile; fileRef = 0BF724952BA0547100971DDE /* SETVITaskUITests.swift */; };
		0BF724982BA0547100971DDE /* SETVITaskUITestsLaunchTests.swift in Sources */ = {isa = PBXBuildFile; fileRef = 0BF724972BA0547100971DDE /* SETVITaskUITestsLaunchTests.swift */; };
		0BF724AB2BA05D9900971DDE /* Alamofire in Frameworks */ = {isa = PBXBuildFile; productRef = 0BF724AA2BA05D9900971DDE /* Alamofire */; };
		0BF724AD2BA05E4400971DDE /* NetworkController.swift in Sources */ = {isa = PBXBuildFile; fileRef = 0BF724AC2BA05E4400971DDE /* NetworkController.swift */; };
		0BF724AF2BA05E6500971DDE /* NetworkRoutable.swift in Sources */ = {isa = PBXBuildFile; fileRef = 0BF724AE2BA05E6500971DDE /* NetworkRoutable.swift */; };
		0BF724B22BA05F9600971DDE /* ServerDefinition.swift in Sources */ = {isa = PBXBuildFile; fileRef = 0BF724B12BA05F9600971DDE /* ServerDefinition.swift */; };
		0BF724B42BA05FBA00971DDE /* GitHubCoreServerDefinition.swift in Sources */ = {isa = PBXBuildFile; fileRef = 0BF724B32BA05FBA00971DDE /* GitHubCoreServerDefinition.swift */; };
		0BF724B62BA09AAB00971DDE /* LocalError.swift in Sources */ = {isa = PBXBuildFile; fileRef = 0BF724B52BA09AAB00971DDE /* LocalError.swift */; };
		0BF724B82BA09B4E00971DDE /* DataController.swift in Sources */ = {isa = PBXBuildFile; fileRef = 0BF724B72BA09B4E00971DDE /* DataController.swift */; };
		0BF724BC2BA09C6400971DDE /* UserRepository.swift in Sources */ = {isa = PBXBuildFile; fileRef = 0BF724BB2BA09C6400971DDE /* UserRepository.swift */; };
		0BF724BE2BA09C7300971DDE /* UserRemoteRepository.swift in Sources */ = {isa = PBXBuildFile; fileRef = 0BF724BD2BA09C7300971DDE /* UserRemoteRepository.swift */; };
		0BF724C02BA09EC000971DDE /* SourceCodeRepository.swift in Sources */ = {isa = PBXBuildFile; fileRef = 0BF724BF2BA09EC000971DDE /* SourceCodeRepository.swift */; };
		0BF724C22BA09EE000971DDE /* SourceCodeRemoteRepository.swift in Sources */ = {isa = PBXBuildFile; fileRef = 0BF724C12BA09EE000971DDE /* SourceCodeRemoteRepository.swift */; };
		0BF724C42BA09F3800971DDE /* UserRemoteRouter.swift in Sources */ = {isa = PBXBuildFile; fileRef = 0BF724C32BA09F3800971DDE /* UserRemoteRouter.swift */; };
		0BF724C62BA09F4C00971DDE /* SourceCodeRemoteRouter.swift in Sources */ = {isa = PBXBuildFile; fileRef = 0BF724C52BA09F4C00971DDE /* SourceCodeRemoteRouter.swift */; };
		0BF724C82BA0A21500971DDE /* NetworkUser.swift in Sources */ = {isa = PBXBuildFile; fileRef = 0BF724C72BA0A21500971DDE /* NetworkUser.swift */; };
		0BF724CA2BA0A23000971DDE /* NetworkCodeRepository.swift in Sources */ = {isa = PBXBuildFile; fileRef = 0BF724C92BA0A23000971DDE /* NetworkCodeRepository.swift */; };
		0BF724CC2BA0A23F00971DDE /* NetworkCommit.swift in Sources */ = {isa = PBXBuildFile; fileRef = 0BF724CB2BA0A23F00971DDE /* NetworkCommit.swift */; };
		0BF724CE2BA0A6E600971DDE /* User.swift in Sources */ = {isa = PBXBuildFile; fileRef = 0BF724CD2BA0A6E600971DDE /* User.swift */; };
		0BF724D22BA0A8F600971DDE /* UserMapper.swift in Sources */ = {isa = PBXBuildFile; fileRef = 0BF724D12BA0A8F600971DDE /* UserMapper.swift */; };
		0BF724D62BA0AAF700971DDE /* CodeRepositoryMapper.swift in Sources */ = {isa = PBXBuildFile; fileRef = 0BF724D52BA0AAF700971DDE /* CodeRepositoryMapper.swift */; };
		0BF724D82BA0AB3300971DDE /* CodeRepository.swift in Sources */ = {isa = PBXBuildFile; fileRef = 0BF724D72BA0AB3300971DDE /* CodeRepository.swift */; };
		0BF724DA2BA0B11100971DDE /* Commit.swift in Sources */ = {isa = PBXBuildFile; fileRef = 0BF724D92BA0B11100971DDE /* Commit.swift */; };
		0BF724DC2BA0B58F00971DDE /* CommitMapper.swift in Sources */ = {isa = PBXBuildFile; fileRef = 0BF724DB2BA0B58F00971DDE /* CommitMapper.swift */; };
		0BF724E12BA0B9A600971DDE /* ProfileView.swift in Sources */ = {isa = PBXBuildFile; fileRef = 0BF724E02BA0B9A600971DDE /* ProfileView.swift */; };
		0BF724E32BA0B9BD00971DDE /* CodeRepositoriesView.swift in Sources */ = {isa = PBXBuildFile; fileRef = 0BF724E22BA0B9BD00971DDE /* CodeRepositoriesView.swift */; };
		0BF724E52BA0B9CF00971DDE /* CommitsView.swift in Sources */ = {isa = PBXBuildFile; fileRef = 0BF724E42BA0B9CF00971DDE /* CommitsView.swift */; };
		0BF724E72BA0B9E300971DDE /* ProfileViewModel.swift in Sources */ = {isa = PBXBuildFile; fileRef = 0BF724E62BA0B9E300971DDE /* ProfileViewModel.swift */; };
		0BF724E92BA0B9FF00971DDE /* CodeRepositoriesViewModel.swift in Sources */ = {isa = PBXBuildFile; fileRef = 0BF724E82BA0B9FF00971DDE /* CodeRepositoriesViewModel.swift */; };
		0BF724EB2BA0BA1400971DDE /* CommitsViewModel.swift in Sources */ = {isa = PBXBuildFile; fileRef = 0BF724EA2BA0BA1400971DDE /* CommitsViewModel.swift */; };
		0BF724EE2BA1A51A00971DDE /* Kingfisher in Frameworks */ = {isa = PBXBuildFile; productRef = 0BF724ED2BA1A51A00971DDE /* Kingfisher */; };
		0BF724F22BA1AB8C00971DDE /* Image+.swift in Sources */ = {isa = PBXBuildFile; fileRef = 0BF724F12BA1AB8C00971DDE /* Image+.swift */; };
		0BF724F92BA1F2DE00971DDE /* CodeRepository+.swift in Sources */ = {isa = PBXBuildFile; fileRef = 0BF724F82BA1F2DE00971DDE /* CodeRepository+.swift */; };
		0BF725032BA20BFF00971DDE /* Commit+.swift in Sources */ = {isa = PBXBuildFile; fileRef = 0BF725022BA20BFF00971DDE /* Commit+.swift */; };
		0BF725062BA211BD00971DDE /* CommitRowView.swift in Sources */ = {isa = PBXBuildFile; fileRef = 0BF725052BA211BD00971DDE /* CommitRowView.swift */; };
/* End PBXBuildFile section */

/* Begin PBXContainerItemProxy section */
		0BF724882BA0547100971DDE /* PBXContainerItemProxy */ = {
			isa = PBXContainerItemProxy;
			containerPortal = 0BF7246E2BA0546F00971DDE /* Project object */;
			proxyType = 1;
			remoteGlobalIDString = 0BF724752BA0546F00971DDE;
			remoteInfo = SETVITask;
		};
		0BF724922BA0547100971DDE /* PBXContainerItemProxy */ = {
			isa = PBXContainerItemProxy;
			containerPortal = 0BF7246E2BA0546F00971DDE /* Project object */;
			proxyType = 1;
			remoteGlobalIDString = 0BF724752BA0546F00971DDE;
			remoteInfo = SETVITask;
		};
/* End PBXContainerItemProxy section */

/* Begin PBXFileReference section */
		0BF724762BA0546F00971DDE /* SETVITask.app */ = {isa = PBXFileReference; explicitFileType = wrapper.application; includeInIndex = 0; path = SETVITask.app; sourceTree = BUILT_PRODUCTS_DIR; };
		0BF724792BA0547000971DDE /* SETVITaskApp.swift */ = {isa = PBXFileReference; lastKnownFileType = sourcecode.swift; path = SETVITaskApp.swift; sourceTree = "<group>"; };
		0BF7247D2BA0547100971DDE /* Assets.xcassets */ = {isa = PBXFileReference; lastKnownFileType = folder.assetcatalog; path = Assets.xcassets; sourceTree = "<group>"; };
		0BF7247F2BA0547100971DDE /* SETVITask.entitlements */ = {isa = PBXFileReference; lastKnownFileType = text.plist.entitlements; path = SETVITask.entitlements; sourceTree = "<group>"; };
		0BF724812BA0547100971DDE /* Preview Assets.xcassets */ = {isa = PBXFileReference; lastKnownFileType = folder.assetcatalog; path = "Preview Assets.xcassets"; sourceTree = "<group>"; };
		0BF724872BA0547100971DDE /* SETVITaskTests.xctest */ = {isa = PBXFileReference; explicitFileType = wrapper.cfbundle; includeInIndex = 0; path = SETVITaskTests.xctest; sourceTree = BUILT_PRODUCTS_DIR; };
		0BF7248B2BA0547100971DDE /* SETVITaskTests.swift */ = {isa = PBXFileReference; lastKnownFileType = sourcecode.swift; path = SETVITaskTests.swift; sourceTree = "<group>"; };
		0BF724912BA0547100971DDE /* SETVITaskUITests.xctest */ = {isa = PBXFileReference; explicitFileType = wrapper.cfbundle; includeInIndex = 0; path = SETVITaskUITests.xctest; sourceTree = BUILT_PRODUCTS_DIR; };
		0BF724952BA0547100971DDE /* SETVITaskUITests.swift */ = {isa = PBXFileReference; lastKnownFileType = sourcecode.swift; path = SETVITaskUITests.swift; sourceTree = "<group>"; };
		0BF724972BA0547100971DDE /* SETVITaskUITestsLaunchTests.swift */ = {isa = PBXFileReference; lastKnownFileType = sourcecode.swift; path = SETVITaskUITestsLaunchTests.swift; sourceTree = "<group>"; };
		0BF724AC2BA05E4400971DDE /* NetworkController.swift */ = {isa = PBXFileReference; lastKnownFileType = sourcecode.swift; path = NetworkController.swift; sourceTree = "<group>"; };
		0BF724AE2BA05E6500971DDE /* NetworkRoutable.swift */ = {isa = PBXFileReference; lastKnownFileType = sourcecode.swift; path = NetworkRoutable.swift; sourceTree = "<group>"; };
		0BF724B12BA05F9600971DDE /* ServerDefinition.swift */ = {isa = PBXFileReference; lastKnownFileType = sourcecode.swift; path = ServerDefinition.swift; sourceTree = "<group>"; };
		0BF724B32BA05FBA00971DDE /* GitHubCoreServerDefinition.swift */ = {isa = PBXFileReference; lastKnownFileType = sourcecode.swift; path = GitHubCoreServerDefinition.swift; sourceTree = "<group>"; };
		0BF724B52BA09AAB00971DDE /* LocalError.swift */ = {isa = PBXFileReference; lastKnownFileType = sourcecode.swift; path = LocalError.swift; sourceTree = "<group>"; };
		0BF724B72BA09B4E00971DDE /* DataController.swift */ = {isa = PBXFileReference; lastKnownFileType = sourcecode.swift; path = DataController.swift; sourceTree = "<group>"; };
		0BF724BB2BA09C6400971DDE /* UserRepository.swift */ = {isa = PBXFileReference; lastKnownFileType = sourcecode.swift; path = UserRepository.swift; sourceTree = "<group>"; };
		0BF724BD2BA09C7300971DDE /* UserRemoteRepository.swift */ = {isa = PBXFileReference; lastKnownFileType = sourcecode.swift; path = UserRemoteRepository.swift; sourceTree = "<group>"; };
		0BF724BF2BA09EC000971DDE /* SourceCodeRepository.swift */ = {isa = PBXFileReference; lastKnownFileType = sourcecode.swift; path = SourceCodeRepository.swift; sourceTree = "<group>"; };
		0BF724C12BA09EE000971DDE /* SourceCodeRemoteRepository.swift */ = {isa = PBXFileReference; lastKnownFileType = sourcecode.swift; path = SourceCodeRemoteRepository.swift; sourceTree = "<group>"; };
		0BF724C32BA09F3800971DDE /* UserRemoteRouter.swift */ = {isa = PBXFileReference; lastKnownFileType = sourcecode.swift; path = UserRemoteRouter.swift; sourceTree = "<group>"; };
		0BF724C52BA09F4C00971DDE /* SourceCodeRemoteRouter.swift */ = {isa = PBXFileReference; lastKnownFileType = sourcecode.swift; path = SourceCodeRemoteRouter.swift; sourceTree = "<group>"; };
		0BF724C72BA0A21500971DDE /* NetworkUser.swift */ = {isa = PBXFileReference; lastKnownFileType = sourcecode.swift; path = NetworkUser.swift; sourceTree = "<group>"; };
		0BF724C92BA0A23000971DDE /* NetworkCodeRepository.swift */ = {isa = PBXFileReference; lastKnownFileType = sourcecode.swift; path = NetworkCodeRepository.swift; sourceTree = "<group>"; };
		0BF724CB2BA0A23F00971DDE /* NetworkCommit.swift */ = {isa = PBXFileReference; lastKnownFileType = sourcecode.swift; path = NetworkCommit.swift; sourceTree = "<group>"; };
		0BF724CD2BA0A6E600971DDE /* User.swift */ = {isa = PBXFileReference; lastKnownFileType = sourcecode.swift; path = User.swift; sourceTree = "<group>"; };
		0BF724D12BA0A8F600971DDE /* UserMapper.swift */ = {isa = PBXFileReference; lastKnownFileType = sourcecode.swift; path = UserMapper.swift; sourceTree = "<group>"; };
		0BF724D52BA0AAF700971DDE /* CodeRepositoryMapper.swift */ = {isa = PBXFileReference; lastKnownFileType = sourcecode.swift; path = CodeRepositoryMapper.swift; sourceTree = "<group>"; };
		0BF724D72BA0AB3300971DDE /* CodeRepository.swift */ = {isa = PBXFileReference; lastKnownFileType = sourcecode.swift; path = CodeRepository.swift; sourceTree = "<group>"; };
		0BF724D92BA0B11100971DDE /* Commit.swift */ = {isa = PBXFileReference; lastKnownFileType = sourcecode.swift; path = Commit.swift; sourceTree = "<group>"; };
		0BF724DB2BA0B58F00971DDE /* CommitMapper.swift */ = {isa = PBXFileReference; lastKnownFileType = sourcecode.swift; path = CommitMapper.swift; sourceTree = "<group>"; };
		0BF724E02BA0B9A600971DDE /* ProfileView.swift */ = {isa = PBXFileReference; lastKnownFileType = sourcecode.swift; path = ProfileView.swift; sourceTree = "<group>"; };
		0BF724E22BA0B9BD00971DDE /* CodeRepositoriesView.swift */ = {isa = PBXFileReference; lastKnownFileType = sourcecode.swift; path = CodeRepositoriesView.swift; sourceTree = "<group>"; };
		0BF724E42BA0B9CF00971DDE /* CommitsView.swift */ = {isa = PBXFileReference; lastKnownFileType = sourcecode.swift; path = CommitsView.swift; sourceTree = "<group>"; };
		0BF724E62BA0B9E300971DDE /* ProfileViewModel.swift */ = {isa = PBXFileReference; lastKnownFileType = sourcecode.swift; path = ProfileViewModel.swift; sourceTree = "<group>"; };
		0BF724E82BA0B9FF00971DDE /* CodeRepositoriesViewModel.swift */ = {isa = PBXFileReference; lastKnownFileType = sourcecode.swift; path = CodeRepositoriesViewModel.swift; sourceTree = "<group>"; };
		0BF724EA2BA0BA1400971DDE /* CommitsViewModel.swift */ = {isa = PBXFileReference; lastKnownFileType = sourcecode.swift; path = CommitsViewModel.swift; sourceTree = "<group>"; };
		0BF724F12BA1AB8C00971DDE /* Image+.swift */ = {isa = PBXFileReference; lastKnownFileType = sourcecode.swift; path = "Image+.swift"; sourceTree = "<group>"; };
		0BF724F82BA1F2DE00971DDE /* CodeRepository+.swift */ = {isa = PBXFileReference; lastKnownFileType = sourcecode.swift; path = "CodeRepository+.swift"; sourceTree = "<group>"; };
		0BF725022BA20BFF00971DDE /* Commit+.swift */ = {isa = PBXFileReference; lastKnownFileType = sourcecode.swift; path = "Commit+.swift"; sourceTree = "<group>"; };
		0BF725052BA211BD00971DDE /* CommitRowView.swift */ = {isa = PBXFileReference; lastKnownFileType = sourcecode.swift; path = CommitRowView.swift; sourceTree = "<group>"; };
/* End PBXFileReference section */

/* Begin PBXFrameworksBuildPhase section */
		0BF724732BA0546F00971DDE /* Frameworks */ = {
			isa = PBXFrameworksBuildPhase;
			buildActionMask = 2147483647;
			files = (
				0BF724EE2BA1A51A00971DDE /* Kingfisher in Frameworks */,
				0BF724AB2BA05D9900971DDE /* Alamofire in Frameworks */,
			);
			runOnlyForDeploymentPostprocessing = 0;
		};
		0BF724842BA0547100971DDE /* Frameworks */ = {
			isa = PBXFrameworksBuildPhase;
			buildActionMask = 2147483647;
			files = (
			);
			runOnlyForDeploymentPostprocessing = 0;
		};
		0BF7248E2BA0547100971DDE /* Frameworks */ = {
			isa = PBXFrameworksBuildPhase;
			buildActionMask = 2147483647;
			files = (
			);
			runOnlyForDeploymentPostprocessing = 0;
		};
/* End PBXFrameworksBuildPhase section */

/* Begin PBXGroup section */
		0BF7246D2BA0546F00971DDE = {
			isa = PBXGroup;
			children = (
				0BF724782BA0546F00971DDE /* SETVITask */,
				0BF7248A2BA0547100971DDE /* SETVITaskTests */,
				0BF724942BA0547100971DDE /* SETVITaskUITests */,
				0BF724772BA0546F00971DDE /* Products */,
			);
			sourceTree = "<group>";
		};
		0BF724772BA0546F00971DDE /* Products */ = {
			isa = PBXGroup;
			children = (
				0BF724762BA0546F00971DDE /* SETVITask.app */,
				0BF724872BA0547100971DDE /* SETVITaskTests.xctest */,
				0BF724912BA0547100971DDE /* SETVITaskUITests.xctest */,
			);
			name = Products;
			sourceTree = "<group>";
		};
		0BF724782BA0546F00971DDE /* SETVITask */ = {
			isa = PBXGroup;
			children = (
				0BF724A42BA05AAD00971DDE /* Networking */,
				0BF724A52BA05ABC00971DDE /* Bussiness Model */,
				0BF724A62BA05AFC00971DDE /* View */,
				0BF724792BA0547000971DDE /* SETVITaskApp.swift */,
				0BF7247D2BA0547100971DDE /* Assets.xcassets */,
				0BF7247F2BA0547100971DDE /* SETVITask.entitlements */,
				0BF724802BA0547100971DDE /* Preview Content */,
			);
			path = SETVITask;
			sourceTree = "<group>";
		};
		0BF724802BA0547100971DDE /* Preview Content */ = {
			isa = PBXGroup;
			children = (
				0BF724812BA0547100971DDE /* Preview Assets.xcassets */,
			);
			path = "Preview Content";
			sourceTree = "<group>";
		};
		0BF7248A2BA0547100971DDE /* SETVITaskTests */ = {
			isa = PBXGroup;
			children = (
				0BF7248B2BA0547100971DDE /* SETVITaskTests.swift */,
			);
			path = SETVITaskTests;
			sourceTree = "<group>";
		};
		0BF724942BA0547100971DDE /* SETVITaskUITests */ = {
			isa = PBXGroup;
			children = (
				0BF724952BA0547100971DDE /* SETVITaskUITests.swift */,
				0BF724972BA0547100971DDE /* SETVITaskUITestsLaunchTests.swift */,
			);
			path = SETVITaskUITests;
			sourceTree = "<group>";
		};
		0BF724A42BA05AAD00971DDE /* Networking */ = {
			isa = PBXGroup;
			children = (
				0BF724A72BA05B3600971DDE /* Common */,
				0BF724B02BA05F1700971DDE /* Server Definition */,
				0BF724B92BA09B8100971DDE /* User Repository */,
				0BF724BA2BA09B9000971DDE /* Source Code Repository */,
				0BF724B72BA09B4E00971DDE /* DataController.swift */,
			);
			path = Networking;
			sourceTree = "<group>";
		};
		0BF724A52BA05ABC00971DDE /* Bussiness Model */ = {
			isa = PBXGroup;
			children = (
				0BF724B52BA09AAB00971DDE /* LocalError.swift */,
				0BF724CD2BA0A6E600971DDE /* User.swift */,
				0BF724D72BA0AB3300971DDE /* CodeRepository.swift */,
				0BF724D92BA0B11100971DDE /* Commit.swift */,
			);
			path = "Bussiness Model";
			sourceTree = "<group>";
		};
		0BF724A62BA05AFC00971DDE /* View */ = {
			isa = PBXGroup;
			children = (
				0BF724EF2BA1AB6600971DDE /* Common */,
				0BF724DD2BA0B96400971DDE /* Profile */,
				0BF724DE2BA0B96C00971DDE /* Code Repositories */,
				0BF724DF2BA0B97E00971DDE /* Commits */,
			);
			path = View;
			sourceTree = "<group>";
		};
		0BF724A72BA05B3600971DDE /* Common */ = {
			isa = PBXGroup;
			children = (
				0BF724AC2BA05E4400971DDE /* NetworkController.swift */,
				0BF724AE2BA05E6500971DDE /* NetworkRoutable.swift */,
			);
			path = Common;
			sourceTree = "<group>";
		};
		0BF724B02BA05F1700971DDE /* Server Definition */ = {
			isa = PBXGroup;
			children = (
				0BF724B12BA05F9600971DDE /* ServerDefinition.swift */,
				0BF724B32BA05FBA00971DDE /* GitHubCoreServerDefinition.swift */,
			);
			path = "Server Definition";
			sourceTree = "<group>";
		};
		0BF724B92BA09B8100971DDE /* User Repository */ = {
			isa = PBXGroup;
			children = (
				0BF724CF2BA0A8D600971DDE /* Response */,
				0BF724D02BA0A8DE00971DDE /* Mapper */,
				0BF724BB2BA09C6400971DDE /* UserRepository.swift */,
				0BF724BD2BA09C7300971DDE /* UserRemoteRepository.swift */,
				0BF724C32BA09F3800971DDE /* UserRemoteRouter.swift */,
			);
			path = "User Repository";
			sourceTree = "<group>";
		};
		0BF724BA2BA09B9000971DDE /* Source Code Repository */ = {
			isa = PBXGroup;
			children = (
				0BF724D32BA0AABE00971DDE /* Response */,
				0BF724D42BA0AAC600971DDE /* Mapper */,
				0BF724BF2BA09EC000971DDE /* SourceCodeRepository.swift */,
				0BF724C12BA09EE000971DDE /* SourceCodeRemoteRepository.swift */,
				0BF724C52BA09F4C00971DDE /* SourceCodeRemoteRouter.swift */,
			);
			path = "Source Code Repository";
			sourceTree = "<group>";
		};
		0BF724CF2BA0A8D600971DDE /* Response */ = {
			isa = PBXGroup;
			children = (
				0BF724C72BA0A21500971DDE /* NetworkUser.swift */,
			);
			path = Response;
			sourceTree = "<group>";
		};
		0BF724D02BA0A8DE00971DDE /* Mapper */ = {
			isa = PBXGroup;
			children = (
				0BF724D12BA0A8F600971DDE /* UserMapper.swift */,
			);
			path = Mapper;
			sourceTree = "<group>";
		};
		0BF724D32BA0AABE00971DDE /* Response */ = {
			isa = PBXGroup;
			children = (
				0BF724C92BA0A23000971DDE /* NetworkCodeRepository.swift */,
				0BF724CB2BA0A23F00971DDE /* NetworkCommit.swift */,
			);
			path = Response;
			sourceTree = "<group>";
		};
		0BF724D42BA0AAC600971DDE /* Mapper */ = {
			isa = PBXGroup;
			children = (
				0BF724D52BA0AAF700971DDE /* CodeRepositoryMapper.swift */,
				0BF724DB2BA0B58F00971DDE /* CommitMapper.swift */,
			);
			path = Mapper;
			sourceTree = "<group>";
		};
		0BF724DD2BA0B96400971DDE /* Profile */ = {
			isa = PBXGroup;
			children = (
				0BF724E02BA0B9A600971DDE /* ProfileView.swift */,
				0BF724E62BA0B9E300971DDE /* ProfileViewModel.swift */,
			);
			path = Profile;
			sourceTree = "<group>";
		};
		0BF724DE2BA0B96C00971DDE /* Code Repositories */ = {
			isa = PBXGroup;
			children = (
				0BF724E22BA0B9BD00971DDE /* CodeRepositoriesView.swift */,
				0BF724E82BA0B9FF00971DDE /* CodeRepositoriesViewModel.swift */,
			);
			path = "Code Repositories";
			sourceTree = "<group>";
		};
		0BF724DF2BA0B97E00971DDE /* Commits */ = {
			isa = PBXGroup;
			children = (
				0BF725042BA211A100971DDE /* View */,
				0BF724E42BA0B9CF00971DDE /* CommitsView.swift */,
				0BF724EA2BA0BA1400971DDE /* CommitsViewModel.swift */,
			);
			path = Commits;
			sourceTree = "<group>";
		};
		0BF724EF2BA1AB6600971DDE /* Common */ = {
			isa = PBXGroup;
			children = (
				0BF724F02BA1AB6D00971DDE /* Extensions */,
			);
			path = Common;
			sourceTree = "<group>";
		};
		0BF724F02BA1AB6D00971DDE /* Extensions */ = {
			isa = PBXGroup;
			children = (
				0BF724F12BA1AB8C00971DDE /* Image+.swift */,
				0BF724F82BA1F2DE00971DDE /* CodeRepository+.swift */,
				0BF725022BA20BFF00971DDE /* Commit+.swift */,
			);
			path = Extensions;
			sourceTree = "<group>";
		};
		0BF725042BA211A100971DDE /* View */ = {
			isa = PBXGroup;
			children = (
				0BF725052BA211BD00971DDE /* CommitRowView.swift */,
			);
			path = View;
			sourceTree = "<group>";
		};
/* End PBXGroup section */

/* Begin PBXNativeTarget section */
		0BF724752BA0546F00971DDE /* SETVITask */ = {
			isa = PBXNativeTarget;
			buildConfigurationList = 0BF7249B2BA0547100971DDE /* Build configuration list for PBXNativeTarget "SETVITask" */;
			buildPhases = (
				0BF724722BA0546F00971DDE /* Sources */,
				0BF724732BA0546F00971DDE /* Frameworks */,
				0BF724742BA0546F00971DDE /* Resources */,
			);
			buildRules = (
			);
			dependencies = (
			);
			name = SETVITask;
			packageProductDependencies = (
				0BF724AA2BA05D9900971DDE /* Alamofire */,
				0BF724ED2BA1A51A00971DDE /* Kingfisher */,
			);
			productName = SETVITask;
			productReference = 0BF724762BA0546F00971DDE /* SETVITask.app */;
			productType = "com.apple.product-type.application";
		};
		0BF724862BA0547100971DDE /* SETVITaskTests */ = {
			isa = PBXNativeTarget;
			buildConfigurationList = 0BF7249E2BA0547100971DDE /* Build configuration list for PBXNativeTarget "SETVITaskTests" */;
			buildPhases = (
				0BF724832BA0547100971DDE /* Sources */,
				0BF724842BA0547100971DDE /* Frameworks */,
				0BF724852BA0547100971DDE /* Resources */,
			);
			buildRules = (
			);
			dependencies = (
				0BF724892BA0547100971DDE /* PBXTargetDependency */,
			);
			name = SETVITaskTests;
			productName = SETVITaskTests;
			productReference = 0BF724872BA0547100971DDE /* SETVITaskTests.xctest */;
			productType = "com.apple.product-type.bundle.unit-test";
		};
		0BF724902BA0547100971DDE /* SETVITaskUITests */ = {
			isa = PBXNativeTarget;
			buildConfigurationList = 0BF724A12BA0547100971DDE /* Build configuration list for PBXNativeTarget "SETVITaskUITests" */;
			buildPhases = (
				0BF7248D2BA0547100971DDE /* Sources */,
				0BF7248E2BA0547100971DDE /* Frameworks */,
				0BF7248F2BA0547100971DDE /* Resources */,
			);
			buildRules = (
			);
			dependencies = (
				0BF724932BA0547100971DDE /* PBXTargetDependency */,
			);
			name = SETVITaskUITests;
			productName = SETVITaskUITests;
			productReference = 0BF724912BA0547100971DDE /* SETVITaskUITests.xctest */;
			productType = "com.apple.product-type.bundle.ui-testing";
		};
/* End PBXNativeTarget section */

/* Begin PBXProject section */
		0BF7246E2BA0546F00971DDE /* Project object */ = {
			isa = PBXProject;
			attributes = {
				BuildIndependentTargetsInParallel = 1;
				LastSwiftUpdateCheck = 1500;
				LastUpgradeCheck = 1500;
				TargetAttributes = {
					0BF724752BA0546F00971DDE = {
						CreatedOnToolsVersion = 15.0.1;
					};
					0BF724862BA0547100971DDE = {
						CreatedOnToolsVersion = 15.0.1;
						TestTargetID = 0BF724752BA0546F00971DDE;
					};
					0BF724902BA0547100971DDE = {
						CreatedOnToolsVersion = 15.0.1;
						TestTargetID = 0BF724752BA0546F00971DDE;
					};
				};
			};
			buildConfigurationList = 0BF724712BA0546F00971DDE /* Build configuration list for PBXProject "SETVITask" */;
			compatibilityVersion = "Xcode 14.0";
			developmentRegion = en;
			hasScannedForEncodings = 0;
			knownRegions = (
				en,
				Base,
			);
			mainGroup = 0BF7246D2BA0546F00971DDE;
			packageReferences = (
				0BF724A92BA05D9900971DDE /* XCRemoteSwiftPackageReference "Alamofire" */,
				0BF724EC2BA1A51A00971DDE /* XCRemoteSwiftPackageReference "Kingfisher" */,
			);
			productRefGroup = 0BF724772BA0546F00971DDE /* Products */;
			projectDirPath = "";
			projectRoot = "";
			targets = (
				0BF724752BA0546F00971DDE /* SETVITask */,
				0BF724862BA0547100971DDE /* SETVITaskTests */,
				0BF724902BA0547100971DDE /* SETVITaskUITests */,
			);
		};
/* End PBXProject section */

/* Begin PBXResourcesBuildPhase section */
		0BF724742BA0546F00971DDE /* Resources */ = {
			isa = PBXResourcesBuildPhase;
			buildActionMask = 2147483647;
			files = (
				0BF724822BA0547100971DDE /* Preview Assets.xcassets in Resources */,
				0BF7247E2BA0547100971DDE /* Assets.xcassets in Resources */,
			);
			runOnlyForDeploymentPostprocessing = 0;
		};
		0BF724852BA0547100971DDE /* Resources */ = {
			isa = PBXResourcesBuildPhase;
			buildActionMask = 2147483647;
			files = (
			);
			runOnlyForDeploymentPostprocessing = 0;
		};
		0BF7248F2BA0547100971DDE /* Resources */ = {
			isa = PBXResourcesBuildPhase;
			buildActionMask = 2147483647;
			files = (
			);
			runOnlyForDeploymentPostprocessing = 0;
		};
/* End PBXResourcesBuildPhase section */

/* Begin PBXSourcesBuildPhase section */
		0BF724722BA0546F00971DDE /* Sources */ = {
			isa = PBXSourcesBuildPhase;
			buildActionMask = 2147483647;
			files = (
				0BF724F22BA1AB8C00971DDE /* Image+.swift in Sources */,
				0BF725032BA20BFF00971DDE /* Commit+.swift in Sources */,
				0BF724C82BA0A21500971DDE /* NetworkUser.swift in Sources */,
				0BF724C62BA09F4C00971DDE /* SourceCodeRemoteRouter.swift in Sources */,
				0BF724EB2BA0BA1400971DDE /* CommitsViewModel.swift in Sources */,
				0BF724DC2BA0B58F00971DDE /* CommitMapper.swift in Sources */,
				0BF724E72BA0B9E300971DDE /* ProfileViewModel.swift in Sources */,
				0BF724DA2BA0B11100971DDE /* Commit.swift in Sources */,
				0BF724B62BA09AAB00971DDE /* LocalError.swift in Sources */,
				0BF724B42BA05FBA00971DDE /* GitHubCoreServerDefinition.swift in Sources */,
				0BF725062BA211BD00971DDE /* CommitRowView.swift in Sources */,
				0BF724BC2BA09C6400971DDE /* UserRepository.swift in Sources */,
				0BF724B22BA05F9600971DDE /* ServerDefinition.swift in Sources */,
				0BF724D22BA0A8F600971DDE /* UserMapper.swift in Sources */,
				0BF724F92BA1F2DE00971DDE /* CodeRepository+.swift in Sources */,
				0BF724C02BA09EC000971DDE /* SourceCodeRepository.swift in Sources */,
				0BF724BE2BA09C7300971DDE /* UserRemoteRepository.swift in Sources */,
				0BF724D82BA0AB3300971DDE /* CodeRepository.swift in Sources */,
				0BF724C22BA09EE000971DDE /* SourceCodeRemoteRepository.swift in Sources */,
				0BF724AF2BA05E6500971DDE /* NetworkRoutable.swift in Sources */,
				0BF724CA2BA0A23000971DDE /* NetworkCodeRepository.swift in Sources */,
				0BF724E92BA0B9FF00971DDE /* CodeRepositoriesViewModel.swift in Sources */,
				0BF724E12BA0B9A600971DDE /* ProfileView.swift in Sources */,
				0BF724D62BA0AAF700971DDE /* CodeRepositoryMapper.swift in Sources */,
				0BF724B82BA09B4E00971DDE /* DataController.swift in Sources */,
				0BF724E52BA0B9CF00971DDE /* CommitsView.swift in Sources */,
				0BF7247A2BA0547000971DDE /* SETVITaskApp.swift in Sources */,
				0BF724CE2BA0A6E600971DDE /* User.swift in Sources */,
				0BF724C42BA09F3800971DDE /* UserRemoteRouter.swift in Sources */,
				0BF724CC2BA0A23F00971DDE /* NetworkCommit.swift in Sources */,
				0BF724AD2BA05E4400971DDE /* NetworkController.swift in Sources */,
				0BF724E32BA0B9BD00971DDE /* CodeRepositoriesView.swift in Sources */,
			);
			runOnlyForDeploymentPostprocessing = 0;
		};
		0BF724832BA0547100971DDE /* Sources */ = {
			isa = PBXSourcesBuildPhase;
			buildActionMask = 2147483647;
			files = (
				0BF7248C2BA0547100971DDE /* SETVITaskTests.swift in Sources */,
			);
			runOnlyForDeploymentPostprocessing = 0;
		};
		0BF7248D2BA0547100971DDE /* Sources */ = {
			isa = PBXSourcesBuildPhase;
			buildActionMask = 2147483647;
			files = (
				0BF724962BA0547100971DDE /* SETVITaskUITests.swift in Sources */,
				0BF724982BA0547100971DDE /* SETVITaskUITestsLaunchTests.swift in Sources */,
			);
			runOnlyForDeploymentPostprocessing = 0;
		};
/* End PBXSourcesBuildPhase section */

/* Begin PBXTargetDependency section */
		0BF724892BA0547100971DDE /* PBXTargetDependency */ = {
			isa = PBXTargetDependency;
			target = 0BF724752BA0546F00971DDE /* SETVITask */;
			targetProxy = 0BF724882BA0547100971DDE /* PBXContainerItemProxy */;
		};
		0BF724932BA0547100971DDE /* PBXTargetDependency */ = {
			isa = PBXTargetDependency;
			target = 0BF724752BA0546F00971DDE /* SETVITask */;
			targetProxy = 0BF724922BA0547100971DDE /* PBXContainerItemProxy */;
		};
/* End PBXTargetDependency section */

/* Begin XCBuildConfiguration section */
		0BF724992BA0547100971DDE /* Debug */ = {
			isa = XCBuildConfiguration;
			buildSettings = {
				ALWAYS_SEARCH_USER_PATHS = NO;
				ASSETCATALOG_COMPILER_GENERATE_SWIFT_ASSET_SYMBOL_EXTENSIONS = YES;
				CLANG_ANALYZER_NONNULL = YES;
				CLANG_ANALYZER_NUMBER_OBJECT_CONVERSION = YES_AGGRESSIVE;
				CLANG_CXX_LANGUAGE_STANDARD = "gnu++20";
				CLANG_ENABLE_MODULES = YES;
				CLANG_ENABLE_OBJC_ARC = YES;
				CLANG_ENABLE_OBJC_WEAK = YES;
				CLANG_WARN_BLOCK_CAPTURE_AUTORELEASING = YES;
				CLANG_WARN_BOOL_CONVERSION = YES;
				CLANG_WARN_COMMA = YES;
				CLANG_WARN_CONSTANT_CONVERSION = YES;
				CLANG_WARN_DEPRECATED_OBJC_IMPLEMENTATIONS = YES;
				CLANG_WARN_DIRECT_OBJC_ISA_USAGE = YES_ERROR;
				CLANG_WARN_DOCUMENTATION_COMMENTS = YES;
				CLANG_WARN_EMPTY_BODY = YES;
				CLANG_WARN_ENUM_CONVERSION = YES;
				CLANG_WARN_INFINITE_RECURSION = YES;
				CLANG_WARN_INT_CONVERSION = YES;
				CLANG_WARN_NON_LITERAL_NULL_CONVERSION = YES;
				CLANG_WARN_OBJC_IMPLICIT_RETAIN_SELF = YES;
				CLANG_WARN_OBJC_LITERAL_CONVERSION = YES;
				CLANG_WARN_OBJC_ROOT_CLASS = YES_ERROR;
				CLANG_WARN_QUOTED_INCLUDE_IN_FRAMEWORK_HEADER = YES;
				CLANG_WARN_RANGE_LOOP_ANALYSIS = YES;
				CLANG_WARN_STRICT_PROTOTYPES = YES;
				CLANG_WARN_SUSPICIOUS_MOVE = YES;
				CLANG_WARN_UNGUARDED_AVAILABILITY = YES_AGGRESSIVE;
				CLANG_WARN_UNREACHABLE_CODE = YES;
				CLANG_WARN__DUPLICATE_METHOD_MATCH = YES;
				COPY_PHASE_STRIP = NO;
				DEBUG_INFORMATION_FORMAT = dwarf;
				ENABLE_STRICT_OBJC_MSGSEND = YES;
				ENABLE_TESTABILITY = YES;
				ENABLE_USER_SCRIPT_SANDBOXING = YES;
				GCC_C_LANGUAGE_STANDARD = gnu17;
				GCC_DYNAMIC_NO_PIC = NO;
				GCC_NO_COMMON_BLOCKS = YES;
				GCC_OPTIMIZATION_LEVEL = 0;
				GCC_PREPROCESSOR_DEFINITIONS = (
					"DEBUG=1",
					"$(inherited)",
				);
				GCC_WARN_64_TO_32_BIT_CONVERSION = YES;
				GCC_WARN_ABOUT_RETURN_TYPE = YES_ERROR;
				GCC_WARN_UNDECLARED_SELECTOR = YES;
				GCC_WARN_UNINITIALIZED_AUTOS = YES_AGGRESSIVE;
				GCC_WARN_UNUSED_FUNCTION = YES;
				GCC_WARN_UNUSED_VARIABLE = YES;
				LOCALIZATION_PREFERS_STRING_CATALOGS = YES;
				MTL_ENABLE_DEBUG_INFO = INCLUDE_SOURCE;
				MTL_FAST_MATH = YES;
				ONLY_ACTIVE_ARCH = YES;
				SWIFT_ACTIVE_COMPILATION_CONDITIONS = "DEBUG $(inherited)";
				SWIFT_OPTIMIZATION_LEVEL = "-Onone";
			};
			name = Debug;
		};
		0BF7249A2BA0547100971DDE /* Release */ = {
			isa = XCBuildConfiguration;
			buildSettings = {
				ALWAYS_SEARCH_USER_PATHS = NO;
				ASSETCATALOG_COMPILER_GENERATE_SWIFT_ASSET_SYMBOL_EXTENSIONS = YES;
				CLANG_ANALYZER_NONNULL = YES;
				CLANG_ANALYZER_NUMBER_OBJECT_CONVERSION = YES_AGGRESSIVE;
				CLANG_CXX_LANGUAGE_STANDARD = "gnu++20";
				CLANG_ENABLE_MODULES = YES;
				CLANG_ENABLE_OBJC_ARC = YES;
				CLANG_ENABLE_OBJC_WEAK = YES;
				CLANG_WARN_BLOCK_CAPTURE_AUTORELEASING = YES;
				CLANG_WARN_BOOL_CONVERSION = YES;
				CLANG_WARN_COMMA = YES;
				CLANG_WARN_CONSTANT_CONVERSION = YES;
				CLANG_WARN_DEPRECATED_OBJC_IMPLEMENTATIONS = YES;
				CLANG_WARN_DIRECT_OBJC_ISA_USAGE = YES_ERROR;
				CLANG_WARN_DOCUMENTATION_COMMENTS = YES;
				CLANG_WARN_EMPTY_BODY = YES;
				CLANG_WARN_ENUM_CONVERSION = YES;
				CLANG_WARN_INFINITE_RECURSION = YES;
				CLANG_WARN_INT_CONVERSION = YES;
				CLANG_WARN_NON_LITERAL_NULL_CONVERSION = YES;
				CLANG_WARN_OBJC_IMPLICIT_RETAIN_SELF = YES;
				CLANG_WARN_OBJC_LITERAL_CONVERSION = YES;
				CLANG_WARN_OBJC_ROOT_CLASS = YES_ERROR;
				CLANG_WARN_QUOTED_INCLUDE_IN_FRAMEWORK_HEADER = YES;
				CLANG_WARN_RANGE_LOOP_ANALYSIS = YES;
				CLANG_WARN_STRICT_PROTOTYPES = YES;
				CLANG_WARN_SUSPICIOUS_MOVE = YES;
				CLANG_WARN_UNGUARDED_AVAILABILITY = YES_AGGRESSIVE;
				CLANG_WARN_UNREACHABLE_CODE = YES;
				CLANG_WARN__DUPLICATE_METHOD_MATCH = YES;
				COPY_PHASE_STRIP = NO;
				DEBUG_INFORMATION_FORMAT = "dwarf-with-dsym";
				ENABLE_NS_ASSERTIONS = NO;
				ENABLE_STRICT_OBJC_MSGSEND = YES;
				ENABLE_USER_SCRIPT_SANDBOXING = YES;
				GCC_C_LANGUAGE_STANDARD = gnu17;
				GCC_NO_COMMON_BLOCKS = YES;
				GCC_WARN_64_TO_32_BIT_CONVERSION = YES;
				GCC_WARN_ABOUT_RETURN_TYPE = YES_ERROR;
				GCC_WARN_UNDECLARED_SELECTOR = YES;
				GCC_WARN_UNINITIALIZED_AUTOS = YES_AGGRESSIVE;
				GCC_WARN_UNUSED_FUNCTION = YES;
				GCC_WARN_UNUSED_VARIABLE = YES;
				LOCALIZATION_PREFERS_STRING_CATALOGS = YES;
				MTL_ENABLE_DEBUG_INFO = NO;
				MTL_FAST_MATH = YES;
				SWIFT_COMPILATION_MODE = wholemodule;
			};
			name = Release;
		};
		0BF7249C2BA0547100971DDE /* Debug */ = {
			isa = XCBuildConfiguration;
			buildSettings = {
				ASSETCATALOG_COMPILER_APPICON_NAME = AppIcon;
				ASSETCATALOG_COMPILER_GLOBAL_ACCENT_COLOR_NAME = AccentColor;
				CODE_SIGN_ENTITLEMENTS = SETVITask/SETVITask.entitlements;
				CODE_SIGN_STYLE = Automatic;
				CURRENT_PROJECT_VERSION = 1;
				DEVELOPMENT_ASSET_PATHS = "\"SETVITask/Preview Content\"";
				ENABLE_PREVIEWS = YES;
				GENERATE_INFOPLIST_FILE = YES;
				"INFOPLIST_KEY_UIApplicationSceneManifest_Generation[sdk=iphoneos*]" = YES;
				"INFOPLIST_KEY_UIApplicationSceneManifest_Generation[sdk=iphonesimulator*]" = YES;
				"INFOPLIST_KEY_UIApplicationSupportsIndirectInputEvents[sdk=iphoneos*]" = YES;
				"INFOPLIST_KEY_UIApplicationSupportsIndirectInputEvents[sdk=iphonesimulator*]" = YES;
				"INFOPLIST_KEY_UILaunchScreen_Generation[sdk=iphoneos*]" = YES;
				"INFOPLIST_KEY_UILaunchScreen_Generation[sdk=iphonesimulator*]" = YES;
				"INFOPLIST_KEY_UIStatusBarStyle[sdk=iphoneos*]" = UIStatusBarStyleDefault;
				"INFOPLIST_KEY_UIStatusBarStyle[sdk=iphonesimulator*]" = UIStatusBarStyleDefault;
				INFOPLIST_KEY_UISupportedInterfaceOrientations_iPad = "UIInterfaceOrientationPortrait UIInterfaceOrientationPortraitUpsideDown UIInterfaceOrientationLandscapeLeft UIInterfaceOrientationLandscapeRight";
				INFOPLIST_KEY_UISupportedInterfaceOrientations_iPhone = "UIInterfaceOrientationPortrait UIInterfaceOrientationLandscapeLeft UIInterfaceOrientationLandscapeRight";
				IPHONEOS_DEPLOYMENT_TARGET = 17.0;
				LD_RUNPATH_SEARCH_PATHS = "@executable_path/Frameworks";
				"LD_RUNPATH_SEARCH_PATHS[sdk=macosx*]" = "@executable_path/../Frameworks";
				MACOSX_DEPLOYMENT_TARGET = 13.6;
				MARKETING_VERSION = 1.0;
				PRODUCT_BUNDLE_IDENTIFIER = com.setvi.testapp.SETVITask;
				PRODUCT_NAME = "$(TARGET_NAME)";
				SDKROOT = auto;
				SUPPORTED_PLATFORMS = "iphoneos iphonesimulator macosx";
				SWIFT_EMIT_LOC_STRINGS = YES;
				SWIFT_VERSION = 5.0;
				TARGETED_DEVICE_FAMILY = "1,2";
			};
			name = Debug;
		};
		0BF7249D2BA0547100971DDE /* Release */ = {
			isa = XCBuildConfiguration;
			buildSettings = {
				ASSETCATALOG_COMPILER_APPICON_NAME = AppIcon;
				ASSETCATALOG_COMPILER_GLOBAL_ACCENT_COLOR_NAME = AccentColor;
				CODE_SIGN_ENTITLEMENTS = SETVITask/SETVITask.entitlements;
				CODE_SIGN_STYLE = Automatic;
				CURRENT_PROJECT_VERSION = 1;
				DEVELOPMENT_ASSET_PATHS = "\"SETVITask/Preview Content\"";
				ENABLE_PREVIEWS = YES;
				GENERATE_INFOPLIST_FILE = YES;
				"INFOPLIST_KEY_UIApplicationSceneManifest_Generation[sdk=iphoneos*]" = YES;
				"INFOPLIST_KEY_UIApplicationSceneManifest_Generation[sdk=iphonesimulator*]" = YES;
				"INFOPLIST_KEY_UIApplicationSupportsIndirectInputEvents[sdk=iphoneos*]" = YES;
				"INFOPLIST_KEY_UIApplicationSupportsIndirectInputEvents[sdk=iphonesimulator*]" = YES;
				"INFOPLIST_KEY_UILaunchScreen_Generation[sdk=iphoneos*]" = YES;
				"INFOPLIST_KEY_UILaunchScreen_Generation[sdk=iphonesimulator*]" = YES;
				"INFOPLIST_KEY_UIStatusBarStyle[sdk=iphoneos*]" = UIStatusBarStyleDefault;
				"INFOPLIST_KEY_UIStatusBarStyle[sdk=iphonesimulator*]" = UIStatusBarStyleDefault;
				INFOPLIST_KEY_UISupportedInterfaceOrientations_iPad = "UIInterfaceOrientationPortrait UIInterfaceOrientationPortraitUpsideDown UIInterfaceOrientationLandscapeLeft UIInterfaceOrientationLandscapeRight";
				INFOPLIST_KEY_UISupportedInterfaceOrientations_iPhone = "UIInterfaceOrientationPortrait UIInterfaceOrientationLandscapeLeft UIInterfaceOrientationLandscapeRight";
				IPHONEOS_DEPLOYMENT_TARGET = 17.0;
				LD_RUNPATH_SEARCH_PATHS = "@executable_path/Frameworks";
				"LD_RUNPATH_SEARCH_PATHS[sdk=macosx*]" = "@executable_path/../Frameworks";
				MACOSX_DEPLOYMENT_TARGET = 13.6;
				MARKETING_VERSION = 1.0;
				PRODUCT_BUNDLE_IDENTIFIER = com.setvi.testapp.SETVITask;
				PRODUCT_NAME = "$(TARGET_NAME)";
				SDKROOT = auto;
				SUPPORTED_PLATFORMS = "iphoneos iphonesimulator macosx";
				SWIFT_EMIT_LOC_STRINGS = YES;
				SWIFT_VERSION = 5.0;
				TARGETED_DEVICE_FAMILY = "1,2";
			};
			name = Release;
		};
		0BF7249F2BA0547100971DDE /* Debug */ = {
			isa = XCBuildConfiguration;
			buildSettings = {
				ALWAYS_EMBED_SWIFT_STANDARD_LIBRARIES = YES;
				BUNDLE_LOADER = "$(TEST_HOST)";
				CODE_SIGN_STYLE = Automatic;
				CURRENT_PROJECT_VERSION = 1;
				GENERATE_INFOPLIST_FILE = YES;
				IPHONEOS_DEPLOYMENT_TARGET = 17.0;
				MACOSX_DEPLOYMENT_TARGET = 13.6;
				MARKETING_VERSION = 1.0;
				PRODUCT_BUNDLE_IDENTIFIER = com.setvi.testapp.SETVITaskTests;
				PRODUCT_NAME = "$(TARGET_NAME)";
				SDKROOT = auto;
				SUPPORTED_PLATFORMS = "iphoneos iphonesimulator macosx";
				SWIFT_EMIT_LOC_STRINGS = NO;
				SWIFT_VERSION = 5.0;
				TARGETED_DEVICE_FAMILY = "1,2";
				TEST_HOST = "$(BUILT_PRODUCTS_DIR)/SETVITask.app/$(BUNDLE_EXECUTABLE_FOLDER_PATH)/SETVITask";
			};
			name = Debug;
		};
		0BF724A02BA0547100971DDE /* Release */ = {
			isa = XCBuildConfiguration;
			buildSettings = {
				ALWAYS_EMBED_SWIFT_STANDARD_LIBRARIES = YES;
				BUNDLE_LOADER = "$(TEST_HOST)";
				CODE_SIGN_STYLE = Automatic;
				CURRENT_PROJECT_VERSION = 1;
				GENERATE_INFOPLIST_FILE = YES;
				IPHONEOS_DEPLOYMENT_TARGET = 17.0;
				MACOSX_DEPLOYMENT_TARGET = 13.6;
				MARKETING_VERSION = 1.0;
				PRODUCT_BUNDLE_IDENTIFIER = com.setvi.testapp.SETVITaskTests;
				PRODUCT_NAME = "$(TARGET_NAME)";
				SDKROOT = auto;
				SUPPORTED_PLATFORMS = "iphoneos iphonesimulator macosx";
				SWIFT_EMIT_LOC_STRINGS = NO;
				SWIFT_VERSION = 5.0;
				TARGETED_DEVICE_FAMILY = "1,2";
				TEST_HOST = "$(BUILT_PRODUCTS_DIR)/SETVITask.app/$(BUNDLE_EXECUTABLE_FOLDER_PATH)/SETVITask";
			};
			name = Release;
		};
		0BF724A22BA0547100971DDE /* Debug */ = {
			isa = XCBuildConfiguration;
			buildSettings = {
				ALWAYS_EMBED_SWIFT_STANDARD_LIBRARIES = YES;
				CODE_SIGN_STYLE = Automatic;
				CURRENT_PROJECT_VERSION = 1;
				GENERATE_INFOPLIST_FILE = YES;
				IPHONEOS_DEPLOYMENT_TARGET = 17.0;
				MACOSX_DEPLOYMENT_TARGET = 13.6;
				MARKETING_VERSION = 1.0;
				PRODUCT_BUNDLE_IDENTIFIER = com.setvi.testapp.SETVITaskUITests;
				PRODUCT_NAME = "$(TARGET_NAME)";
				SDKROOT = auto;
				SUPPORTED_PLATFORMS = "iphoneos iphonesimulator macosx";
				SWIFT_EMIT_LOC_STRINGS = NO;
				SWIFT_VERSION = 5.0;
				TARGETED_DEVICE_FAMILY = "1,2";
				TEST_TARGET_NAME = SETVITask;
			};
			name = Debug;
		};
		0BF724A32BA0547100971DDE /* Release */ = {
			isa = XCBuildConfiguration;
			buildSettings = {
				ALWAYS_EMBED_SWIFT_STANDARD_LIBRARIES = YES;
				CODE_SIGN_STYLE = Automatic;
				CURRENT_PROJECT_VERSION = 1;
				GENERATE_INFOPLIST_FILE = YES;
				IPHONEOS_DEPLOYMENT_TARGET = 17.0;
				MACOSX_DEPLOYMENT_TARGET = 13.6;
				MARKETING_VERSION = 1.0;
				PRODUCT_BUNDLE_IDENTIFIER = com.setvi.testapp.SETVITaskUITests;
				PRODUCT_NAME = "$(TARGET_NAME)";
				SDKROOT = auto;
				SUPPORTED_PLATFORMS = "iphoneos iphonesimulator macosx";
				SWIFT_EMIT_LOC_STRINGS = NO;
				SWIFT_VERSION = 5.0;
				TARGETED_DEVICE_FAMILY = "1,2";
				TEST_TARGET_NAME = SETVITask;
			};
			name = Release;
		};
/* End XCBuildConfiguration section */

/* Begin XCConfigurationList section */
		0BF724712BA0546F00971DDE /* Build configuration list for PBXProject "SETVITask" */ = {
			isa = XCConfigurationList;
			buildConfigurations = (
				0BF724992BA0547100971DDE /* Debug */,
				0BF7249A2BA0547100971DDE /* Release */,
			);
			defaultConfigurationIsVisible = 0;
			defaultConfigurationName = Release;
		};
		0BF7249B2BA0547100971DDE /* Build configuration list for PBXNativeTarget "SETVITask" */ = {
			isa = XCConfigurationList;
			buildConfigurations = (
				0BF7249C2BA0547100971DDE /* Debug */,
				0BF7249D2BA0547100971DDE /* Release */,
			);
			defaultConfigurationIsVisible = 0;
			defaultConfigurationName = Release;
		};
		0BF7249E2BA0547100971DDE /* Build configuration list for PBXNativeTarget "SETVITaskTests" */ = {
			isa = XCConfigurationList;
			buildConfigurations = (
				0BF7249F2BA0547100971DDE /* Debug */,
				0BF724A02BA0547100971DDE /* Release */,
			);
			defaultConfigurationIsVisible = 0;
			defaultConfigurationName = Release;
		};
		0BF724A12BA0547100971DDE /* Build configuration list for PBXNativeTarget "SETVITaskUITests" */ = {
			isa = XCConfigurationList;
			buildConfigurations = (
				0BF724A22BA0547100971DDE /* Debug */,
				0BF724A32BA0547100971DDE /* Release */,
			);
			defaultConfigurationIsVisible = 0;
			defaultConfigurationName = Release;
		};
/* End XCConfigurationList section */

/* Begin XCRemoteSwiftPackageReference section */
		0BF724A92BA05D9900971DDE /* XCRemoteSwiftPackageReference "Alamofire" */ = {
			isa = XCRemoteSwiftPackageReference;
			repositoryURL = "https://github.com/Alamofire/Alamofire.git";
			requirement = {
				kind = upToNextMajorVersion;
				minimumVersion = 5.9.0;
			};
		};
		0BF724EC2BA1A51A00971DDE /* XCRemoteSwiftPackageReference "Kingfisher" */ = {
			isa = XCRemoteSwiftPackageReference;
			repositoryURL = "https://github.com/onevcat/Kingfisher.git";
			requirement = {
				kind = upToNextMajorVersion;
				minimumVersion = 7.11.0;
			};
		};
/* End XCRemoteSwiftPackageReference section */

/* Begin XCSwiftPackageProductDependency section */
		0BF724AA2BA05D9900971DDE /* Alamofire */ = {
			isa = XCSwiftPackageProductDependency;
			package = 0BF724A92BA05D9900971DDE /* XCRemoteSwiftPackageReference "Alamofire" */;
			productName = Alamofire;
		};
		0BF724ED2BA1A51A00971DDE /* Kingfisher */ = {
			isa = XCSwiftPackageProductDependency;
			package = 0BF724EC2BA1A51A00971DDE /* XCRemoteSwiftPackageReference "Kingfisher" */;
			productName = Kingfisher;
		};
/* End XCSwiftPackageProductDependency section */
	};
	rootObject = 0BF7246E2BA0546F00971DDE /* Project object */;
}
